{
  "name": "block-chain-generator",
  "version": "1.0.0",
  "lockfileVersion": 1,
  "requires": true,
  "dependencies": {
    "gencls": {
      "version": "2.0.3",
      "resolved": "https://registry.npmjs.org/gencls/-/gencls-2.0.3.tgz",
      "integrity": "sha512-bb5gddoVl/OWIRyBx+f7qPUmbB2qiGgZuWRX14l9qOSRTon9yf7c97znk6AOgq35zWlwZJ/IVKanclO/Ib+SPQ=="
    }
  }
}
